# Header 导航栏 可以新增内容
menu:
  首页: /
  分类: /categories
  标签: /tags
  友链: /links
  关于: /about
  归档: /archives
  更多: /

# 左上角logo 注释掉则显示title
# logo: 

# 主页banner图
banner: https://i.ibb.co.com/7NCMPKF5/2017-01-27-532.jpg

# 站点通知信息
notice: flex-block主题部分重构，详情查看https://github.com/miiiku/flex-block

# 作者信息
author:
  name: OYearn
  avatar: https://i.ibb.co/Ldd4NWyw/auther-icon.jpg
  description: I hope that leaves a mark.

toc:
  enable: true
  max_depth: 5 # 生成 TOC 的最大深度
  min_depth: 1 # 生成 TOC 的最小深度

comments:
  enable: true
  use: 'valine' # valine || disqus
  # valine 评论
  # docs: https://valine.js.org
  # You can get your appid and appkey from https://leancloud.cn
  # 这里appId和appKey一定一定要改成自己的，没有的话去https://leancloud.cn这个网站注册创建一个
  valine:
    appId: nGgYVf0B4sYYxbVLbrwazR9A-MdYXbMMI
    appKey: 9RO8q8yx18YXuABUn5Fu6pb9
    avatar: 'monsterid' # 头像展示方式 Gravatar style : mm/identicon/monsterid/wavatar/retro/hide
    serverURLs: https://nGgYVf0B.api.lncldglobal.com
    placeholder: 随便说点什么叭～
    notify: true
    visitor: true
    pageSize: 10
    background:  # 评论框背景
  # disqus 评论
  # docs: https://disqus.com/
  disqus:
    website: 
    error: 如果你看不到评论，那么就真的看不到评论 w(゜Д゜)w

# dplayer 视频播放
# docs: http://dplayer.js.org/#/zh-Hans/
dplayer:
  enable: true
  theme: "#b7daff"
  autoplay: false
  loop: false
  mutex: true

# aplayer 音频播放
# docs: https://aplayer.js.org/#/zh-Hans/
aplayer:
  enable: true
  theme: "#b7daff"
  autoplay: false
  loop: false
  mutex: true
  lrcType: 3

# 国内备案信息
beian: 

# 谷歌分析
google_analytics: 
# gauges分析
gauges_analytics: 
# 百度分析
baidu_analytics: 
# 腾讯分析
tencent_analytics: 
# 站点ico
favicon: /favicon.ico


# Social Icon
social_icon:
  enable: true
  icons:
    ins     :
    zhihu   :
    weibo   : 
    github  : https://github.com/miiiku/
    twitter : https://twitter.com/guanquanhong
    

